// !$*UTF8*$!
{
	archiveVersion = 1;
	classes = {
	};
	objectVersion = 46;
	objects = {

/* Begin PBXBuildFile section */
		3937F2F41F5FC4A800556BBF /* YLTabBarController.m in Sources */ = {isa = PBXBuildFile; fileRef = 3937F2F31F5FC4A800556BBF /* YLTabBarController.m */; };
		3937F2FC1F5FC8BC00556BBF /* GlobalDef.m in Sources */ = {isa = PBXBuildFile; fileRef = 3937F2FB1F5FC8BC00556BBF /* GlobalDef.m */; };
		91F292CC17934D6FEEE3BE9B /* libPods-YLShare.a in Frameworks */ = {isa = PBXBuildFile; fileRef = 659830C96AD7ED2E1A4E7E12 /* libPods-YLShare.a */; };
		D82BE2B11F5DAE42003A37DB /* main.m in Sources */ = {isa = PBXBuildFile; fileRef = D82BE2B01F5DAE42003A37DB /* main.m */; };
		D82BE2B41F5DAE42003A37DB /* AppDelegate.m in Sources */ = {isa = PBXBuildFile; fileRef = D82BE2B31F5DAE42003A37DB /* AppDelegate.m */; };
		D82BE2BA1F5DAE42003A37DB /* Main.storyboard in Resources */ = {isa = PBXBuildFile; fileRef = D82BE2B81F5DAE42003A37DB /* Main.storyboard */; };
		D82BE2BC1F5DAE42003A37DB /* Assets.xcassets in Resources */ = {isa = PBXBuildFile; fileRef = D82BE2BB1F5DAE42003A37DB /* Assets.xcassets */; };
		D82BE2BF1F5DAE42003A37DB /* LaunchScreen.storyboard in Resources */ = {isa = PBXBuildFile; fileRef = D82BE2BD1F5DAE42003A37DB /* LaunchScreen.storyboard */; };
		D82BE2CA1F5DAE42003A37DB /* YLShareTests.m in Sources */ = {isa = PBXBuildFile; fileRef = D82BE2C91F5DAE42003A37DB /* YLShareTests.m */; };
		D82BE2D51F5DAE42003A37DB /* YLShareUITests.m in Sources */ = {isa = PBXBuildFile; fileRef = D82BE2D41F5DAE42003A37DB /* YLShareUITests.m */; };
/* End PBXBuildFile section */

/* Begin PBXContainerItemProxy section */
		D82BE2C61F5DAE42003A37DB /* PBXContainerItemProxy */ = {
			isa = PBXContainerItemProxy;
			containerPortal = D82BE2A41F5DAE41003A37DB /* Project object */;
			proxyType = 1;
			remoteGlobalIDString = D82BE2AB1F5DAE41003A37DB;
			remoteInfo = YLShare;
		};
		D82BE2D11F5DAE42003A37DB /* PBXContainerItemProxy */ = {
			isa = PBXContainerItemProxy;
			containerPortal = D82BE2A41F5DAE41003A37DB /* Project object */;
			proxyType = 1;
			remoteGlobalIDString = D82BE2AB1F5DAE41003A37DB;
			remoteInfo = YLShare;
		};
/* End PBXContainerItemProxy section */

/* Begin PBXFileReference section */
		3937F2F21F5FC4A800556BBF /* YLTabBarController.h */ = {isa = PBXFileReference; fileEncoding = 4; lastKnownFileType = sourcecode.c.h; path = YLTabBarController.h; sourceTree = "<group>"; };
		3937F2F31F5FC4A800556BBF /* YLTabBarController.m */ = {isa = PBXFileReference; fileEncoding = 4; lastKnownFileType = sourcecode.c.objc; path = YLTabBarController.m; sourceTree = "<group>"; };
		3937F2F51F5FC62300556BBF /* PrefixHeader.pch */ = {isa = PBXFileReference; lastKnownFileType = sourcecode.c.h; path = PrefixHeader.pch; sourceTree = "<group>"; };
		3937F2FA1F5FC8BC00556BBF /* GlobalDef.h */ = {isa = PBXFileReference; fileEncoding = 4; lastKnownFileType = sourcecode.c.h; path = GlobalDef.h; sourceTree = "<group>"; };
		3937F2FB1F5FC8BC00556BBF /* GlobalDef.m */ = {isa = PBXFileReference; fileEncoding = 4; lastKnownFileType = sourcecode.c.objc; path = GlobalDef.m; sourceTree = "<group>"; };
		3937F2FD1F5FC9A500556BBF /* UtilityMacro.h */ = {isa = PBXFileReference; fileEncoding = 4; lastKnownFileType = sourcecode.c.h; path = UtilityMacro.h; sourceTree = "<group>"; };
		659830C96AD7ED2E1A4E7E12 /* libPods-YLShare.a */ = {isa = PBXFileReference; explicitFileType = archive.ar; includeInIndex = 0; path = "libPods-YLShare.a"; sourceTree = BUILT_PRODUCTS_DIR; };
		8BBBD57A0E8538817F711A56 /* Pods-YLShare.release.xcconfig */ = {isa = PBXFileReference; includeInIndex = 1; lastKnownFileType = text.xcconfig; name = "Pods-YLShare.release.xcconfig"; path = "Pods/Target Support Files/Pods-YLShare/Pods-YLShare.release.xcconfig"; sourceTree = "<group>"; };
		D82BE2AC1F5DAE41003A37DB /* YLShare.app */ = {isa = PBXFileReference; explicitFileType = wrapper.application; includeInIndex = 0; path = YLShare.app; sourceTree = BUILT_PRODUCTS_DIR; };
		D82BE2B01F5DAE42003A37DB /* main.m */ = {isa = PBXFileReference; lastKnownFileType = sourcecode.c.objc; path = main.m; sourceTree = "<group>"; };
		D82BE2B21F5DAE42003A37DB /* AppDelegate.h */ = {isa = PBXFileReference; lastKnownFileType = sourcecode.c.h; path = AppDelegate.h; sourceTree = "<group>"; };
		D82BE2B31F5DAE42003A37DB /* AppDelegate.m */ = {isa = PBXFileReference; lastKnownFileType = sourcecode.c.objc; path = AppDelegate.m; sourceTree = "<group>"; };
		D82BE2B91F5DAE42003A37DB /* Base */ = {isa = PBXFileReference; lastKnownFileType = file.storyboard; name = Base; path = Base.lproj/Main.storyboard; sourceTree = "<group>"; };
		D82BE2BB1F5DAE42003A37DB /* Assets.xcassets */ = {isa = PBXFileReference; lastKnownFileType = folder.assetcatalog; path = Assets.xcassets; sourceTree = "<group>"; };
		D82BE2BE1F5DAE42003A37DB /* Base */ = {isa = PBXFileReference; lastKnownFileType = file.storyboard; name = Base; path = Base.lproj/LaunchScreen.storyboard; sourceTree = "<group>"; };
		D82BE2C01F5DAE42003A37DB /* Info.plist */ = {isa = PBXFileReference; lastKnownFileType = text.plist.xml; path = Info.plist; sourceTree = "<group>"; };
		D82BE2C51F5DAE42003A37DB /* YLShareTests.xctest */ = {isa = PBXFileReference; explicitFileType = wrapper.cfbundle; includeInIndex = 0; path = YLShareTests.xctest; sourceTree = BUILT_PRODUCTS_DIR; };
		D82BE2C91F5DAE42003A37DB /* YLShareTests.m */ = {isa = PBXFileReference; lastKnownFileType = sourcecode.c.objc; path = YLShareTests.m; sourceTree = "<group>"; };
		D82BE2CB1F5DAE42003A37DB /* Info.plist */ = {isa = PBXFileReference; lastKnownFileType = text.plist.xml; path = Info.plist; sourceTree = "<group>"; };
		D82BE2D01F5DAE42003A37DB /* YLShareUITests.xctest */ = {isa = PBXFileReference; explicitFileType = wrapper.cfbundle; includeInIndex = 0; path = YLShareUITests.xctest; sourceTree = BUILT_PRODUCTS_DIR; };
		D82BE2D41F5DAE42003A37DB /* YLShareUITests.m */ = {isa = PBXFileReference; lastKnownFileType = sourcecode.c.objc; path = YLShareUITests.m; sourceTree = "<group>"; };
		D82BE2D61F5DAE42003A37DB /* Info.plist */ = {isa = PBXFileReference; lastKnownFileType = text.plist.xml; path = Info.plist; sourceTree = "<group>"; };
		ECA24EC167EEB01DD9A9445D /* Pods-YLShare.debug.xcconfig */ = {isa = PBXFileReference; includeInIndex = 1; lastKnownFileType = text.xcconfig; name = "Pods-YLShare.debug.xcconfig"; path = "Pods/Target Support Files/Pods-YLShare/Pods-YLShare.debug.xcconfig"; sourceTree = "<group>"; };
/* End PBXFileReference section */

/* Begin PBXFrameworksBuildPhase section */
		D82BE2A91F5DAE41003A37DB /* Frameworks */ = {
			isa = PBXFrameworksBuildPhase;
			buildActionMask = 2147483647;
			files = (
				91F292CC17934D6FEEE3BE9B /* libPods-YLShare.a in Frameworks */,
			);
			runOnlyForDeploymentPostprocessing = 0;
		};
		D82BE2C21F5DAE42003A37DB /* Frameworks */ = {
			isa = PBXFrameworksBuildPhase;
			buildActionMask = 2147483647;
			files = (
			);
			runOnlyForDeploymentPostprocessing = 0;
		};
		D82BE2CD1F5DAE42003A37DB /* Frameworks */ = {
			isa = PBXFrameworksBuildPhase;
			buildActionMask = 2147483647;
			files = (
			);
			runOnlyForDeploymentPostprocessing = 0;
		};
/* End PBXFrameworksBuildPhase section */

/* Begin PBXGroup section */
		1D59AEA14745A013AFAF7664 /* Pods */ = {
			isa = PBXGroup;
			children = (
				ECA24EC167EEB01DD9A9445D /* Pods-YLShare.debug.xcconfig */,
				8BBBD57A0E8538817F711A56 /* Pods-YLShare.release.xcconfig */,
			);
			name = Pods;
			sourceTree = "<group>";
		};
		3937F2EC1F5F97FF00556BBF /* CustomViews */ = {
			isa = PBXGroup;
			children = (
				3937F2ED1F5F97FF00556BBF /* YLPlayer */,
			);
			path = CustomViews;
			sourceTree = "<group>";
		};
		3937F2ED1F5F97FF00556BBF /* YLPlayer */ = {
			isa = PBXGroup;
			children = (
			);
			path = YLPlayer;
			sourceTree = "<group>";
		};
		3937F2EE1F5F97FF00556BBF /* UIWebView */ = {
			isa = PBXGroup;
			children = (
			);
			path = UIWebView;
			sourceTree = "<group>";
		};
		3937F2EF1F5F97FF00556BBF /* VideoPages */ = {
			isa = PBXGroup;
			children = (
			);
			path = VideoPages;
			sourceTree = "<group>";
		};
		3937F2F01F5F97FF00556BBF /* WKWebView */ = {
			isa = PBXGroup;
			children = (
			);
			path = WKWebView;
			sourceTree = "<group>";
		};
		3937F2F11F5F992800556BBF /* BaseViewController */ = {
			isa = PBXGroup;
			children = (
				3937F2F21F5FC4A800556BBF /* YLTabBarController.h */,
				3937F2F31F5FC4A800556BBF /* YLTabBarController.m */,
			);
			path = BaseViewController;
			sourceTree = "<group>";
		};
		3937F2F61F5FC89B00556BBF /* PublicClass */ = {
			isa = PBXGroup;
			children = (
				3937F2F71F5FC89B00556BBF /* Additions */,
				3937F2F81F5FC89B00556BBF /* Global */,
				3937F2F91F5FC89B00556BBF /* YLShareManager */,
			);
			path = PublicClass;
			sourceTree = "<group>";
		};
		3937F2F71F5FC89B00556BBF /* Additions */ = {
			isa = PBXGroup;
			children = (
			);
			path = Additions;
			sourceTree = "<group>";
		};
		3937F2F81F5FC89B00556BBF /* Global */ = {
			isa = PBXGroup;
			children = (
				3937F2FA1F5FC8BC00556BBF /* GlobalDef.h */,
				3937F2FB1F5FC8BC00556BBF /* GlobalDef.m */,
				3937F2FD1F5FC9A500556BBF /* UtilityMacro.h */,
			);
			path = Global;
			sourceTree = "<group>";
		};
		3937F2F91F5FC89B00556BBF /* YLShareManager */ = {
			isa = PBXGroup;
			children = (
			);
			path = YLShareManager;
			sourceTree = "<group>";
		};
		82710FF5E68BCE41960F5E81 /* Frameworks */ = {
			isa = PBXGroup;
			children = (
				659830C96AD7ED2E1A4E7E12 /* libPods-YLShare.a */,
			);
			name = Frameworks;
			sourceTree = "<group>";
		};
		D82BE2A31F5DAE41003A37DB = {
			isa = PBXGroup;
			children = (
				D82BE2AE1F5DAE41003A37DB /* YLShare */,
				D82BE2C81F5DAE42003A37DB /* YLShareTests */,
				D82BE2D31F5DAE42003A37DB /* YLShareUITests */,
				D82BE2AD1F5DAE41003A37DB /* Products */,
				1D59AEA14745A013AFAF7664 /* Pods */,
				82710FF5E68BCE41960F5E81 /* Frameworks */,
			);
			sourceTree = "<group>";
		};
		D82BE2AD1F5DAE41003A37DB /* Products */ = {
			isa = PBXGroup;
			children = (
				D82BE2AC1F5DAE41003A37DB /* YLShare.app */,
				D82BE2C51F5DAE42003A37DB /* YLShareTests.xctest */,
				D82BE2D01F5DAE42003A37DB /* YLShareUITests.xctest */,
			);
			name = Products;
			sourceTree = "<group>";
		};
		D82BE2AE1F5DAE41003A37DB /* YLShare */ = {
			isa = PBXGroup;
			children = (
				3937F2F61F5FC89B00556BBF /* PublicClass */,
				3937F2EC1F5F97FF00556BBF /* CustomViews */,
				3937F2EE1F5F97FF00556BBF /* UIWebView */,
				3937F2EF1F5F97FF00556BBF /* VideoPages */,
				3937F2F01F5F97FF00556BBF /* WKWebView */,
				3937F2F11F5F992800556BBF /* BaseViewController */,
				D82BE2B21F5DAE42003A37DB /* AppDelegate.h */,
				D82BE2B31F5DAE42003A37DB /* AppDelegate.m */,
				D82BE2B81F5DAE42003A37DB /* Main.storyboard */,
				D82BE2BB1F5DAE42003A37DB /* Assets.xcassets */,
				D82BE2BD1F5DAE42003A37DB /* LaunchScreen.storyboard */,
				D82BE2C01F5DAE42003A37DB /* Info.plist */,
				D82BE2AF1F5DAE42003A37DB /* Supporting Files */,
			);
			path = YLShare;
			sourceTree = "<group>";
		};
		D82BE2AF1F5DAE42003A37DB /* Supporting Files */ = {
			isa = PBXGroup;
			children = (
				D82BE2B01F5DAE42003A37DB /* main.m */,
				3937F2F51F5FC62300556BBF /* PrefixHeader.pch */,
			);
			name = "Supporting Files";
			sourceTree = "<group>";
		};
		D82BE2C81F5DAE42003A37DB /* YLShareTests */ = {
			isa = PBXGroup;
			children = (
				D82BE2C91F5DAE42003A37DB /* YLShareTests.m */,
				D82BE2CB1F5DAE42003A37DB /* Info.plist */,
			);
			path = YLShareTests;
			sourceTree = "<group>";
		};
		D82BE2D31F5DAE42003A37DB /* YLShareUITests */ = {
			isa = PBXGroup;
			children = (
				D82BE2D41F5DAE42003A37DB /* YLShareUITests.m */,
				D82BE2D61F5DAE42003A37DB /* Info.plist */,
			);
			path = YLShareUITests;
			sourceTree = "<group>";
		};
/* End PBXGroup section */

/* Begin PBXNativeTarget section */
		D82BE2AB1F5DAE41003A37DB /* YLShare */ = {
			isa = PBXNativeTarget;
			buildConfigurationList = D82BE2D91F5DAE42003A37DB /* Build configuration list for PBXNativeTarget "YLShare" */;
			buildPhases = (
				FDD1607E8D24FD7A75C555B1 /* [CP] Check Pods Manifest.lock */,
				D82BE2A81F5DAE41003A37DB /* Sources */,
				D82BE2A91F5DAE41003A37DB /* Frameworks */,
				D82BE2AA1F5DAE41003A37DB /* Resources */,
				BCF8FB52EAE42C587080E8B1 /* [CP] Embed Pods Frameworks */,
				94F047C298A63871E07C9227 /* [CP] Copy Pods Resources */,
			);
			buildRules = (
			);
			dependencies = (
			);
			name = YLShare;
			productName = YLShare;
			productReference = D82BE2AC1F5DAE41003A37DB /* YLShare.app */;
			productType = "com.apple.product-type.application";
		};
		D82BE2C41F5DAE42003A37DB /* YLShareTests */ = {
			isa = PBXNativeTarget;
			buildConfigurationList = D82BE2DC1F5DAE42003A37DB /* Build configuration list for PBXNativeTarget "YLShareTests" */;
			buildPhases = (
				D82BE2C11F5DAE42003A37DB /* Sources */,
				D82BE2C21F5DAE42003A37DB /* Frameworks */,
				D82BE2C31F5DAE42003A37DB /* Resources */,
			);
			buildRules = (
			);
			dependencies = (
				D82BE2C71F5DAE42003A37DB /* PBXTargetDependency */,
			);
			name = YLShareTests;
			productName = YLShareTests;
			productReference = D82BE2C51F5DAE42003A37DB /* YLShareTests.xctest */;
			productType = "com.apple.product-type.bundle.unit-test";
		};
		D82BE2CF1F5DAE42003A37DB /* YLShareUITests */ = {
			isa = PBXNativeTarget;
			buildConfigurationList = D82BE2DF1F5DAE42003A37DB /* Build configuration list for PBXNativeTarget "YLShareUITests" */;
			buildPhases = (
				D82BE2CC1F5DAE42003A37DB /* Sources */,
				D82BE2CD1F5DAE42003A37DB /* Frameworks */,
				D82BE2CE1F5DAE42003A37DB /* Resources */,
			);
			buildRules = (
			);
			dependencies = (
				D82BE2D21F5DAE42003A37DB /* PBXTargetDependency */,
			);
			name = YLShareUITests;
			productName = YLShareUITests;
			productReference = D82BE2D01F5DAE42003A37DB /* YLShareUITests.xctest */;
			productType = "com.apple.product-type.bundle.ui-testing";
		};
/* End PBXNativeTarget section */

/* Begin PBXProject section */
		D82BE2A41F5DAE41003A37DB /* Project object */ = {
			isa = PBXProject;
			attributes = {
				LastUpgradeCheck = 0830;
				ORGANIZATIONNAME = Future;
				TargetAttributes = {
					D82BE2AB1F5DAE41003A37DB = {
						CreatedOnToolsVersion = 8.3.2;
						ProvisioningStyle = Automatic;
					};
					D82BE2C41F5DAE42003A37DB = {
						CreatedOnToolsVersion = 8.3.2;
						ProvisioningStyle = Automatic;
						TestTargetID = D82BE2AB1F5DAE41003A37DB;
					};
					D82BE2CF1F5DAE42003A37DB = {
						CreatedOnToolsVersion = 8.3.2;
						ProvisioningStyle = Automatic;
						TestTargetID = D82BE2AB1F5DAE41003A37DB;
					};
				};
			};
			buildConfigurationList = D82BE2A71F5DAE41003A37DB /* Build configuration list for PBXProject "YLShare" */;
			compatibilityVersion = "Xcode 3.2";
			developmentRegion = English;
			hasScannedForEncodings = 0;
			knownRegions = (
				en,
				Base,
			);
			mainGroup = D82BE2A31F5DAE41003A37DB;
			productRefGroup = D82BE2AD1F5DAE41003A37DB /* Products */;
			projectDirPath = "";
			projectRoot = "";
			targets = (
				D82BE2AB1F5DAE41003A37DB /* YLShare */,
				D82BE2C41F5DAE42003A37DB /* YLShareTests */,
				D82BE2CF1F5DAE42003A37DB /* YLShareUITests */,
			);
		};
/* End PBXProject section */

/* Begin PBXResourcesBuildPhase section */
		D82BE2AA1F5DAE41003A37DB /* Resources */ = {
			isa = PBXResourcesBuildPhase;
			buildActionMask = 2147483647;
			files = (
				D82BE2BF1F5DAE42003A37DB /* LaunchScreen.storyboard in Resources */,
				D82BE2BC1F5DAE42003A37DB /* Assets.xcassets in Resources */,
				D82BE2BA1F5DAE42003A37DB /* Main.storyboard in Resources */,
			);
			runOnlyForDeploymentPostprocessing = 0;
		};
		D82BE2C31F5DAE42003A37DB /* Resources */ = {
			isa = PBXResourcesBuildPhase;
			buildActionMask = 2147483647;
			files = (
			);
			runOnlyForDeploymentPostprocessing = 0;
		};
		D82BE2CE1F5DAE42003A37DB /* Resources */ = {
			isa = PBXResourcesBuildPhase;
			buildActionMask = 2147483647;
			files = (
			);
			runOnlyForDeploymentPostprocessing = 0;
		};
/* End PBXResourcesBuildPhase section */

/* Begin PBXShellScriptBuildPhase section */
		94F047C298A63871E07C9227 /* [CP] Copy Pods Resources */ = {
			isa = PBXShellScriptBuildPhase;
			buildActionMask = 2147483647;
			files = (
			);
			inputPaths = (
			);
			name = "[CP] Copy Pods Resources";
			outputPaths = (
			);
			runOnlyForDeploymentPostprocessing = 0;
			shellPath = /bin/sh;
			shellScript = "\"${SRCROOT}/Pods/Target Support Files/Pods-YLShare/Pods-YLShare-resources.sh\"\n";
			showEnvVarsInLog = 0;
		};
		BCF8FB52EAE42C587080E8B1 /* [CP] Embed Pods Frameworks */ = {
			isa = PBXShellScriptBuildPhase;
			buildActionMask = 2147483647;
			files = (
			);
			inputPaths = (
			);
			name = "[CP] Embed Pods Frameworks";
			outputPaths = (
			);
			runOnlyForDeploymentPostprocessing = 0;
			shellPath = /bin/sh;
			shellScript = "\"${SRCROOT}/Pods/Target Support Files/Pods-YLShare/Pods-YLShare-frameworks.sh\"\n";
			showEnvVarsInLog = 0;
		};
		FDD1607E8D24FD7A75C555B1 /* [CP] Check Pods Manifest.lock */ = {
			isa = PBXShellScriptBuildPhase;
			buildActionMask = 2147483647;
			files = (
			);
			inputPaths = (
			);
			name = "[CP] Check Pods Manifest.lock";
			outputPaths = (
			);
			runOnlyForDeploymentPostprocessing = 0;
			shellPath = /bin/sh;
			shellScript = "diff \"${PODS_ROOT}/../Podfile.lock\" \"${PODS_ROOT}/Manifest.lock\" > /dev/null\nif [ $? != 0 ] ; then\n    # print error to STDERR\n    echo \"error: The sandbox is not in sync with the Podfile.lock. Run 'pod install' or update your CocoaPods installation.\" >&2\n    exit 1\nfi\n";
			showEnvVarsInLog = 0;
		};
/* End PBXShellScriptBuildPhase section */

/* Begin PBXSourcesBuildPhase section */
		D82BE2A81F5DAE41003A37DB /* Sources */ = {
			isa = PBXSourcesBuildPhase;
			buildActionMask = 2147483647;
			files = (
				D82BE2B41F5DAE42003A37DB /* AppDelegate.m in Sources */,
				3937F2F41F5FC4A800556BBF /* YLTabBarController.m in Sources */,
				3937F2FC1F5FC8BC00556BBF /* GlobalDef.m in Sources */,
				D82BE2B11F5DAE42003A37DB /* main.m in Sources */,
			);
			runOnlyForDeploymentPostprocessing = 0;
		};
		D82BE2C11F5DAE42003A37DB /* Sources */ = {
			isa = PBXSourcesBuildPhase;
			buildActionMask = 2147483647;
			files = (
				D82BE2CA1F5DAE42003A37DB /* YLShareTests.m in Sources */,
			);
			runOnlyForDeploymentPostprocessing = 0;
		};
		D82BE2CC1F5DAE42003A37DB /* Sources */ = {
			isa = PBXSourcesBuildPhase;
			buildActionMask = 2147483647;
			files = (
				D82BE2D51F5DAE42003A37DB /* YLShareUITests.m in Sources */,
			);
			runOnlyForDeploymentPostprocessing = 0;
		};
/* End PBXSourcesBuildPhase section */

/* Begin PBXTargetDependency section */
		D82BE2C71F5DAE42003A37DB /* PBXTargetDependency */ = {
			isa = PBXTargetDependency;
			target = D82BE2AB1F5DAE41003A37DB /* YLShare */;
			targetProxy = D82BE2C61F5DAE42003A37DB /* PBXContainerItemProxy */;
		};
		D82BE2D21F5DAE42003A37DB /* PBXTargetDependency */ = {
			isa = PBXTargetDependency;
			target = D82BE2AB1F5DAE41003A37DB /* YLShare */;
			targetProxy = D82BE2D11F5DAE42003A37DB /* PBXContainerItemProxy */;
		};
/* End PBXTargetDependency section */

/* Begin PBXVariantGroup section */
		D82BE2B81F5DAE42003A37DB /* Main.storyboard */ = {
			isa = PBXVariantGroup;
			children = (
				D82BE2B91F5DAE42003A37DB /* Base */,
			);
			name = Main.storyboard;
			sourceTree = "<group>";
		};
		D82BE2BD1F5DAE42003A37DB /* LaunchScreen.storyboard */ = {
			isa = PBXVariantGroup;
			children = (
				D82BE2BE1F5DAE42003A37DB /* Base */,
			);
			name = LaunchScreen.storyboard;
			sourceTree = "<group>";
		};
/* End PBXVariantGroup section */

/* Begin XCBuildConfiguration section */
		D82BE2D71F5DAE42003A37DB /* Debug */ = {
			isa = XCBuildConfiguration;
			buildSettings = {
				ALWAYS_SEARCH_USER_PATHS = NO;
				CLANG_ANALYZER_NONNULL = YES;
				CLANG_ANALYZER_NUMBER_OBJECT_CONVERSION = YES_AGGRESSIVE;
				CLANG_CXX_LANGUAGE_STANDARD = "gnu++0x";
				CLANG_CXX_LIBRARY = "libc++";
				CLANG_ENABLE_MODULES = YES;
				CLANG_ENABLE_OBJC_ARC = YES;
				CLANG_WARN_BOOL_CONVERSION = YES;
				CLANG_WARN_CONSTANT_CONVERSION = YES;
				CLANG_WARN_DIRECT_OBJC_ISA_USAGE = YES_ERROR;
				CLANG_WARN_DOCUMENTATION_COMMENTS = YES;
				CLANG_WARN_EMPTY_BODY = YES;
				CLANG_WARN_ENUM_CONVERSION = YES;
				CLANG_WARN_INFINITE_RECURSION = YES;
				CLANG_WARN_INT_CONVERSION = YES;
				CLANG_WARN_OBJC_ROOT_CLASS = YES_ERROR;
				CLANG_WARN_SUSPICIOUS_MOVE = YES;
				CLANG_WARN_UNREACHABLE_CODE = YES;
				CLANG_WARN__DUPLICATE_METHOD_MATCH = YES;
				"CODE_SIGN_IDENTITY[sdk=iphoneos*]" = "iPhone Developer";
				COPY_PHASE_STRIP = NO;
				DEBUG_INFORMATION_FORMAT = dwarf;
				ENABLE_STRICT_OBJC_MSGSEND = YES;
				ENABLE_TESTABILITY = YES;
				GCC_C_LANGUAGE_STANDARD = gnu99;
				GCC_DYNAMIC_NO_PIC = NO;
				GCC_NO_COMMON_BLOCKS = YES;
				GCC_OPTIMIZATION_LEVEL = 0;
				GCC_PREPROCESSOR_DEFINITIONS = (
					"DEBUG=1",
					"$(inherited)",
				);
				GCC_WARN_64_TO_32_BIT_CONVERSION = YES;
				GCC_WARN_ABOUT_RETURN_TYPE = YES_ERROR;
				GCC_WARN_UNDECLARED_SELECTOR = YES;
				GCC_WARN_UNINITIALIZED_AUTOS = YES_AGGRESSIVE;
				GCC_WARN_UNUSED_FUNCTION = YES;
				GCC_WARN_UNUSED_VARIABLE = YES;
				IPHONEOS_DEPLOYMENT_TARGET = 10.3;
				MTL_ENABLE_DEBUG_INFO = YES;
				ONLY_ACTIVE_ARCH = YES;
				SDKROOT = iphoneos;
			};
			name = Debug;
		};
		D82BE2D81F5DAE42003A37DB /* Release */ = {
			isa = XCBuildConfiguration;
			buildSettings = {
				ALWAYS_SEARCH_USER_PATHS = NO;
				CLANG_ANALYZER_NONNULL = YES;
				CLANG_ANALYZER_NUMBER_OBJECT_CONVERSION = YES_AGGRESSIVE;
				CLANG_CXX_LANGUAGE_STANDARD = "gnu++0x";
				CLANG_CXX_LIBRARY = "libc++";
				CLANG_ENABLE_MODULES = YES;
				CLANG_ENABLE_OBJC_ARC = YES;
				CLANG_WARN_BOOL_CONVERSION = YES;
				CLANG_WARN_CONSTANT_CONVERSION = YES;
				CLANG_WARN_DIRECT_OBJC_ISA_USAGE = YES_ERROR;
				CLANG_WARN_DOCUMENTATION_COMMENTS = YES;
				CLANG_WARN_EMPTY_BODY = YES;
				CLANG_WARN_ENUM_CONVERSION = YES;
				CLANG_WARN_INFINITE_RECURSION = YES;
				CLANG_WARN_INT_CONVERSION = YES;
				CLANG_WARN_OBJC_ROOT_CLASS = YES_ERROR;
				CLANG_WARN_SUSPICIOUS_MOVE = YES;
				CLANG_WARN_UNREACHABLE_CODE = YES;
				CLANG_WARN__DUPLICATE_METHOD_MATCH = YES;
				"CODE_SIGN_IDENTITY[sdk=iphoneos*]" = "iPhone Developer";
				COPY_PHASE_STRIP = NO;
				DEBUG_INFORMATION_FORMAT = "dwarf-with-dsym";
				ENABLE_NS_ASSERTIONS = NO;
				ENABLE_STRICT_OBJC_MSGSEND = YES;
				GCC_C_LANGUAGE_STANDARD = gnu99;
				GCC_NO_COMMON_BLOCKS = YES;
				GCC_WARN_64_TO_32_BIT_CONVERSION = YES;
				GCC_WARN_ABOUT_RETURN_TYPE = YES_ERROR;
				GCC_WARN_UNDECLARED_SELECTOR = YES;
				GCC_WARN_UNINITIALIZED_AUTOS = YES_AGGRESSIVE;
				GCC_WARN_UNUSED_FUNCTION = YES;
				GCC_WARN_UNUSED_VARIABLE = YES;
				IPHONEOS_DEPLOYMENT_TARGET = 10.3;
				MTL_ENABLE_DEBUG_INFO = NO;
				SDKROOT = iphoneos;
				VALIDATE_PRODUCT = YES;
			};
			name = Release;
		};
		D82BE2DA1F5DAE42003A37DB /* Debug */ = {
			isa = XCBuildConfiguration;
			baseConfigurationReference = ECA24EC167EEB01DD9A9445D /* Pods-YLShare.debug.xcconfig */;
			buildSettings = {
				ASSETCATALOG_COMPILER_APPICON_NAME = AppIcon;
				GCC_PREFIX_HEADER = YLShare/PrefixHeader.pch;
				INFOPLIST_FILE = YLShare/Info.plist;
				LD_RUNPATH_SEARCH_PATHS = "$(inherited) @executable_path/Frameworks";
				PRODUCT_BUNDLE_IDENTIFIER = cn.Future.YLShare;
				PRODUCT_NAME = "$(TARGET_NAME)";
			};
			name = Debug;
		};
		D82BE2DB1F5DAE42003A37DB /* Release */ = {
			isa = XCBuildConfiguration;
			baseConfigurationReference = 8BBBD57A0E8538817F711A56 /* Pods-YLShare.release.xcconfig */;
			buildSettings = {
				ASSETCATALOG_COMPILER_APPICON_NAME = AppIcon;
				GCC_PREFIX_HEADER = YLShare/PrefixHeader.pch;
				INFOPLIST_FILE = YLShare/Info.plist;
				LD_RUNPATH_SEARCH_PATHS = "$(inherited) @executable_path/Frameworks";
				PRODUCT_BUNDLE_IDENTIFIER = cn.Future.YLShare;
				PRODUCT_NAME = "$(TARGET_NAME)";
			};
			name = Release;
		};
		D82BE2DD1F5DAE42003A37DB /* Debug */ = {
			isa = XCBuildConfiguration;
			buildSettings = {
				BUNDLE_LOADER = "$(TEST_HOST)";
				INFOPLIST_FILE = YLShareTests/Info.plist;
				LD_RUNPATH_SEARCH_PATHS = "$(inherited) @executable_path/Frameworks @loader_path/Frameworks";
				PRODUCT_BUNDLE_IDENTIFIER = cn.Future.YLShareTests;
				PRODUCT_NAME = "$(TARGET_NAME)";
				TEST_HOST = "$(BUILT_PRODUCTS_DIR)/YLShare.app/YLShare";
			};
			name = Debug;
		};
		D82BE2DE1F5DAE42003A37DB /* Release */ = {
			isa = XCBuildConfiguration;
			buildSettings = {
				BUNDLE_LOADER = "$(TEST_HOST)";
				INFOPLIST_FILE = YLShareTests/Info.plist;
				LD_RUNPATH_SEARCH_PATHS = "$(inherited) @executable_path/Frameworks @loader_path/Frameworks";
				PRODUCT_BUNDLE_IDENTIFIER = cn.Future.YLShareTests;
				PRODUCT_NAME = "$(TARGET_NAME)";
				TEST_HOST = "$(BUILT_PRODUCTS_DIR)/YLShare.app/YLShare";
			};
			name = Release;
		};
		D82BE2E01F5DAE42003A37DB /* Debug */ = {
			isa = XCBuildConfiguration;
			buildSettings = {
				INFOPLIST_FILE = YLShareUITests/Info.plist;
				LD_RUNPATH_SEARCH_PATHS = "$(inherited) @executable_path/Frameworks @loader_path/Frameworks";
				PRODUCT_BUNDLE_IDENTIFIER = cn.Future.YLShareUITests;
				PRODUCT_NAME = "$(TARGET_NAME)";
				TEST_TARGET_NAME = YLShare;
			};
			name = Debug;
		};
		D82BE2E11F5DAE42003A37DB /* Release */ = {
			isa = XCBuildConfiguration;
			buildSettings = {
				INFOPLIST_FILE = YLShareUITests/Info.plist;
				LD_RUNPATH_SEARCH_PATHS = "$(inherited) @executable_path/Frameworks @loader_path/Frameworks";
				PRODUCT_BUNDLE_IDENTIFIER = cn.Future.YLShareUITests;
				PRODUCT_NAME = "$(TARGET_NAME)";
				TEST_TARGET_NAME = YLShare;
			};
			name = Release;
		};
/* End XCBuildConfiguration section */

/* Begin XCConfigurationList section */
		D82BE2A71F5DAE41003A37DB /* Build configuration list for PBXProject "YLShare" */ = {
			isa = XCConfigurationList;
			buildConfigurations = (
				D82BE2D71F5DAE42003A37DB /* Debug */,
				D82BE2D81F5DAE42003A37DB /* Release */,
			);
			defaultConfigurationIsVisible = 0;
			defaultConfigurationName = Release;
		};
		D82BE2D91F5DAE42003A37DB /* Build configuration list for PBXNativeTarget "YLShare" */ = {
			isa = XCConfigurationList;
			buildConfigurations = (
				D82BE2DA1F5DAE42003A37DB /* Debug */,
				D82BE2DB1F5DAE42003A37DB /* Release */,
			);
			defaultConfigurationIsVisible = 0;
			defaultConfigurationName = Release;
		};
		D82BE2DC1F5DAE42003A37DB /* Build configuration list for PBXNativeTarget "YLShareTests" */ = {
			isa = XCConfigurationList;
			buildConfigurations = (
				D82BE2DD1F5DAE42003A37DB /* Debug */,
				D82BE2DE1F5DAE42003A37DB /* Release */,
			);
			defaultConfigurationIsVisible = 0;
			defaultConfigurationName = Release;
		};
		D82BE2DF1F5DAE42003A37DB /* Build configuration list for PBXNativeTarget "YLShareUITests" */ = {
			isa = XCConfigurationList;
			buildConfigurations = (
				D82BE2E01F5DAE42003A37DB /* Debug */,
				D82BE2E11F5DAE42003A37DB /* Release */,
			);
			defaultConfigurationIsVisible = 0;
			defaultConfigurationName = Release;
		};
/* End XCConfigurationList section */
	};
	rootObject = D82BE2A41F5DAE41003A37DB /* Project object */;
}
